
Microsoft Visual Studio Solution File, Format Version 12.00
# Visual Studio Version 17
VisualStudioVersion = 17.0.31903.59
MinimumVisualStudioVersion = 10.0.40219.1
Project("{FAE04EC0-301F-11D3-BF4B-00C04F79EFBC}") = "GraphlessDB", "GraphlessDB\GraphlessDB.csproj", "{E3B1D290-8FDE-4AF1-AF2D-152F64A47116}"
EndProject
Project("{FAE04EC0-301F-11D3-BF4B-00C04F79EFBC}") = "GraphlessDB.Analyzers", "GraphlessDB.Analyzers\GraphlessDB.Analyzers.csproj", "{5526CA4B-4526-442A-BA15-23C6B5CF0F95}"
EndProject
Project("{FAE04EC0-301F-11D3-BF4B-00C04F79EFBC}") = "GraphlessDB.DynamoDB", "GraphlessDB.DynamoDB\GraphlessDB.DynamoDB.csproj", "{3639F944-384C-4A7C-AD26-5BC8FDAB9CE9}"
EndProject
Project("{FAE04EC0-301F-11D3-BF4B-00C04F79EFBC}") = "GraphlessDB.DynamoDB.Tests", "GraphlessDB.DynamoDB.Tests\GraphlessDB.DynamoDB.Tests.csproj", "{ED286AD1-4D59-4FE7-B2DD-6D29E97DB1BE}"
EndProject
Project("{FAE04EC0-301F-11D3-BF4B-00C04F79EFBC}") = "GraphlessDB.Tests", "GraphlessDB.Tests\GraphlessDB.Tests.csproj", "{C9754D1B-BEE3-444E-B8E9-03EAF874C7A2}"
EndProject
Project("{FAE04EC0-301F-11D3-BF4B-00C04F79EFBC}") = "GraphlessDB.Core", "GraphlessDB.Core\GraphlessDB.Core.csproj", "{55F545A9-4253-4E96-B06E-D9F78D7D7D5D}"
EndProject
Project("{FAE04EC0-301F-11D3-BF4B-00C04F79EFBC}") = "GraphlessDB.Storage", "GraphlessDB.Storage\GraphlessDB.Storage.csproj", "{CD6D8FF1-1387-42E6-A50E-3AC7AB8C6A8C}"
EndProject
Project("{FAE04EC0-301F-11D3-BF4B-00C04F79EFBC}") = "GraphlessDB.Domain", "GraphlessDB.Domain\GraphlessDB.Domain.csproj", "{6E685902-BA74-4420-918C-16FB6266C33C}"
EndProject
Global
	GlobalSection(SolutionConfigurationPlatforms) = preSolution
		Debug|Any CPU = Debug|Any CPU
		Debug|x64 = Debug|x64
		Debug|x86 = Debug|x86
		Release|Any CPU = Release|Any CPU
		Release|x64 = Release|x64
		Release|x86 = Release|x86
	EndGlobalSection
	GlobalSection(ProjectConfigurationPlatforms) = postSolution
		{E3B1D290-8FDE-4AF1-AF2D-152F64A47116}.Debug|Any CPU.ActiveCfg = Debug|Any CPU
		{E3B1D290-8FDE-4AF1-AF2D-152F64A47116}.Debug|Any CPU.Build.0 = Debug|Any CPU
		{E3B1D290-8FDE-4AF1-AF2D-152F64A47116}.Debug|x64.ActiveCfg = Debug|Any CPU
		{E3B1D290-8FDE-4AF1-AF2D-152F64A47116}.Debug|x64.Build.0 = Debug|Any CPU
		{E3B1D290-8FDE-4AF1-AF2D-152F64A47116}.Debug|x86.ActiveCfg = Debug|Any CPU
		{E3B1D290-8FDE-4AF1-AF2D-152F64A47116}.Debug|x86.Build.0 = Debug|Any CPU
		{E3B1D290-8FDE-4AF1-AF2D-152F64A47116}.Release|Any CPU.ActiveCfg = Release|Any CPU
		{E3B1D290-8FDE-4AF1-AF2D-152F64A47116}.Release|Any CPU.Build.0 = Release|Any CPU
		{E3B1D290-8FDE-4AF1-AF2D-152F64A47116}.Release|x64.ActiveCfg = Release|Any CPU
		{E3B1D290-8FDE-4AF1-AF2D-152F64A47116}.Release|x64.Build.0 = Release|Any CPU
		{E3B1D290-8FDE-4AF1-AF2D-152F64A47116}.Release|x86.ActiveCfg = Release|Any CPU
		{E3B1D290-8FDE-4AF1-AF2D-152F64A47116}.Release|x86.Build.0 = Release|Any CPU
		{5526CA4B-4526-442A-BA15-23C6B5CF0F95}.Debug|Any CPU.ActiveCfg = Debug|Any CPU
		{5526CA4B-4526-442A-BA15-23C6B5CF0F95}.Debug|Any CPU.Build.0 = Debug|Any CPU
		{5526CA4B-4526-442A-BA15-23C6B5CF0F95}.Debug|x64.ActiveCfg = Debug|Any CPU
		{5526CA4B-4526-442A-BA15-23C6B5CF0F95}.Debug|x64.Build.0 = Debug|Any CPU
		{5526CA4B-4526-442A-BA15-23C6B5CF0F95}.Debug|x86.ActiveCfg = Debug|Any CPU
		{5526CA4B-4526-442A-BA15-23C6B5CF0F95}.Debug|x86.Build.0 = Debug|Any CPU
		{5526CA4B-4526-442A-BA15-23C6B5CF0F95}.Release|Any CPU.ActiveCfg = Release|Any CPU
		{5526CA4B-4526-442A-BA15-23C6B5CF0F95}.Release|Any CPU.Build.0 = Release|Any CPU
		{5526CA4B-4526-442A-BA15-23C6B5CF0F95}.Release|x64.ActiveCfg = Release|Any CPU
		{5526CA4B-4526-442A-BA15-23C6B5CF0F95}.Release|x64.Build.0 = Release|Any CPU
		{5526CA4B-4526-442A-BA15-23C6B5CF0F95}.Release|x86.ActiveCfg = Release|Any CPU
		{5526CA4B-4526-442A-BA15-23C6B5CF0F95}.Release|x86.Build.0 = Release|Any CPU
		{3639F944-384C-4A7C-AD26-5BC8FDAB9CE9}.Debug|Any CPU.ActiveCfg = Debug|Any CPU
		{3639F944-384C-4A7C-AD26-5BC8FDAB9CE9}.Debug|Any CPU.Build.0 = Debug|Any CPU
		{3639F944-384C-4A7C-AD26-5BC8FDAB9CE9}.Debug|x64.ActiveCfg = Debug|Any CPU
		{3639F944-384C-4A7C-AD26-5BC8FDAB9CE9}.Debug|x64.Build.0 = Debug|Any CPU
		{3639F944-384C-4A7C-AD26-5BC8FDAB9CE9}.Debug|x86.ActiveCfg = Debug|Any CPU
		{3639F944-384C-4A7C-AD26-5BC8FDAB9CE9}.Debug|x86.Build.0 = Debug|Any CPU
		{3639F944-384C-4A7C-AD26-5BC8FDAB9CE9}.Release|Any CPU.ActiveCfg = Release|Any CPU
		{3639F944-384C-4A7C-AD26-5BC8FDAB9CE9}.Release|Any CPU.Build.0 = Release|Any CPU
		{3639F944-384C-4A7C-AD26-5BC8FDAB9CE9}.Release|x64.ActiveCfg = Release|Any CPU
		{3639F944-384C-4A7C-AD26-5BC8FDAB9CE9}.Release|x64.Build.0 = Release|Any CPU
		{3639F944-384C-4A7C-AD26-5BC8FDAB9CE9}.Release|x86.ActiveCfg = Release|Any CPU
		{3639F944-384C-4A7C-AD26-5BC8FDAB9CE9}.Release|x86.Build.0 = Release|Any CPU
		{ED286AD1-4D59-4FE7-B2DD-6D29E97DB1BE}.Debug|Any CPU.ActiveCfg = Debug|Any CPU
		{ED286AD1-4D59-4FE7-B2DD-6D29E97DB1BE}.Debug|Any CPU.Build.0 = Debug|Any CPU
		{ED286AD1-4D59-4FE7-B2DD-6D29E97DB1BE}.Debug|x64.ActiveCfg = Debug|Any CPU
		{ED286AD1-4D59-4FE7-B2DD-6D29E97DB1BE}.Debug|x64.Build.0 = Debug|Any CPU
		{ED286AD1-4D59-4FE7-B2DD-6D29E97DB1BE}.Debug|x86.ActiveCfg = Debug|Any CPU
		{ED286AD1-4D59-4FE7-B2DD-6D29E97DB1BE}.Debug|x86.Build.0 = Debug|Any CPU
		{ED286AD1-4D59-4FE7-B2DD-6D29E97DB1BE}.Release|Any CPU.ActiveCfg = Release|Any CPU
		{ED286AD1-4D59-4FE7-B2DD-6D29E97DB1BE}.Release|Any CPU.Build.0 = Release|Any CPU
		{ED286AD1-4D59-4FE7-B2DD-6D29E97DB1BE}.Release|x64.ActiveCfg = Release|Any CPU
		{ED286AD1-4D59-4FE7-B2DD-6D29E97DB1BE}.Release|x64.Build.0 = Release|Any CPU
		{ED286AD1-4D59-4FE7-B2DD-6D29E97DB1BE}.Release|x86.ActiveCfg = Release|Any CPU
		{ED286AD1-4D59-4FE7-B2DD-6D29E97DB1BE}.Release|x86.Build.0 = Release|Any CPU
		{C9754D1B-BEE3-444E-B8E9-03EAF874C7A2}.Debug|Any CPU.ActiveCfg = Debug|Any CPU
		{C9754D1B-BEE3-444E-B8E9-03EAF874C7A2}.Debug|Any CPU.Build.0 = Debug|Any CPU
		{C9754D1B-BEE3-444E-B8E9-03EAF874C7A2}.Debug|x64.ActiveCfg = Debug|Any CPU
		{C9754D1B-BEE3-444E-B8E9-03EAF874C7A2}.Debug|x64.Build.0 = Debug|Any CPU
		{C9754D1B-BEE3-444E-B8E9-03EAF874C7A2}.Debug|x86.ActiveCfg = Debug|Any CPU
		{C9754D1B-BEE3-444E-B8E9-03EAF874C7A2}.Debug|x86.Build.0 = Debug|Any CPU
		{C9754D1B-BEE3-444E-B8E9-03EAF874C7A2}.Release|Any CPU.ActiveCfg = Release|Any CPU
		{C9754D1B-BEE3-444E-B8E9-03EAF874C7A2}.Release|Any CPU.Build.0 = Release|Any CPU
		{C9754D1B-BEE3-444E-B8E9-03EAF874C7A2}.Release|x64.ActiveCfg = Release|Any CPU
		{C9754D1B-BEE3-444E-B8E9-03EAF874C7A2}.Release|x64.Build.0 = Release|Any CPU
		{C9754D1B-BEE3-444E-B8E9-03EAF874C7A2}.Release|x86.ActiveCfg = Release|Any CPU
		{C9754D1B-BEE3-444E-B8E9-03EAF874C7A2}.Release|x86.Build.0 = Release|Any CPU
		{55F545A9-4253-4E96-B06E-D9F78D7D7D5D}.Debug|Any CPU.ActiveCfg = Debug|Any CPU
		{55F545A9-4253-4E96-B06E-D9F78D7D7D5D}.Debug|Any CPU.Build.0 = Debug|Any CPU
		{55F545A9-4253-4E96-B06E-D9F78D7D7D5D}.Debug|x64.ActiveCfg = Debug|Any CPU
		{55F545A9-4253-4E96-B06E-D9F78D7D7D5D}.Debug|x64.Build.0 = Debug|Any CPU
		{55F545A9-4253-4E96-B06E-D9F78D7D7D5D}.Debug|x86.ActiveCfg = Debug|Any CPU
		{55F545A9-4253-4E96-B06E-D9F78D7D7D5D}.Debug|x86.Build.0 = Debug|Any CPU
		{55F545A9-4253-4E96-B06E-D9F78D7D7D5D}.Release|Any CPU.ActiveCfg = Release|Any CPU
		{55F545A9-4253-4E96-B06E-D9F78D7D7D5D}.Release|Any CPU.Build.0 = Release|Any CPU
		{55F545A9-4253-4E96-B06E-D9F78D7D7D5D}.Release|x64.ActiveCfg = Release|Any CPU
		{55F545A9-4253-4E96-B06E-D9F78D7D7D5D}.Release|x64.Build.0 = Release|Any CPU
		{55F545A9-4253-4E96-B06E-D9F78D7D7D5D}.Release|x86.ActiveCfg = Release|Any CPU
		{55F545A9-4253-4E96-B06E-D9F78D7D7D5D}.Release|x86.Build.0 = Release|Any CPU
		{CD6D8FF1-1387-42E6-A50E-3AC7AB8C6A8C}.Debug|Any CPU.ActiveCfg = Debug|Any CPU
		{CD6D8FF1-1387-42E6-A50E-3AC7AB8C6A8C}.Debug|Any CPU.Build.0 = Debug|Any CPU
		{CD6D8FF1-1387-42E6-A50E-3AC7AB8C6A8C}.Debug|x64.ActiveCfg = Debug|Any CPU
		{CD6D8FF1-1387-42E6-A50E-3AC7AB8C6A8C}.Debug|x64.Build.0 = Debug|Any CPU
		{CD6D8FF1-1387-42E6-A50E-3AC7AB8C6A8C}.Debug|x86.ActiveCfg = Debug|Any CPU
		{CD6D8FF1-1387-42E6-A50E-3AC7AB8C6A8C}.Debug|x86.Build.0 = Debug|Any CPU
		{CD6D8FF1-1387-42E6-A50E-3AC7AB8C6A8C}.Release|Any CPU.ActiveCfg = Release|Any CPU
		{CD6D8FF1-1387-42E6-A50E-3AC7AB8C6A8C}.Release|Any CPU.Build.0 = Release|Any CPU
		{CD6D8FF1-1387-42E6-A50E-3AC7AB8C6A8C}.Release|x64.ActiveCfg = Release|Any CPU
		{CD6D8FF1-1387-42E6-A50E-3AC7AB8C6A8C}.Release|x64.Build.0 = Release|Any CPU
		{CD6D8FF1-1387-42E6-A50E-3AC7AB8C6A8C}.Release|x86.ActiveCfg = Release|Any CPU
		{CD6D8FF1-1387-42E6-A50E-3AC7AB8C6A8C}.Release|x86.Build.0 = Release|Any CPU
		{6E685902-BA74-4420-918C-16FB6266C33C}.Debug|Any CPU.ActiveCfg = Debug|Any CPU
		{6E685902-BA74-4420-918C-16FB6266C33C}.Debug|Any CPU.Build.0 = Debug|Any CPU
		{6E685902-BA74-4420-918C-16FB6266C33C}.Debug|x64.ActiveCfg = Debug|Any CPU
		{6E685902-BA74-4420-918C-16FB6266C33C}.Debug|x64.Build.0 = Debug|Any CPU
		{6E685902-BA74-4420-918C-16FB6266C33C}.Debug|x86.ActiveCfg = Debug|Any CPU
		{6E685902-BA74-4420-918C-16FB6266C33C}.Debug|x86.Build.0 = Debug|Any CPU
		{6E685902-BA74-4420-918C-16FB6266C33C}.Release|Any CPU.ActiveCfg = Release|Any CPU
		{6E685902-BA74-4420-918C-16FB6266C33C}.Release|Any CPU.Build.0 = Release|Any CPU
		{6E685902-BA74-4420-918C-16FB6266C33C}.Release|x64.ActiveCfg = Release|Any CPU
		{6E685902-BA74-4420-918C-16FB6266C33C}.Release|x64.Build.0 = Release|Any CPU
		{6E685902-BA74-4420-918C-16FB6266C33C}.Release|x86.ActiveCfg = Release|Any CPU
		{6E685902-BA74-4420-918C-16FB6266C33C}.Release|x86.Build.0 = Release|Any CPU
	EndGlobalSection
	GlobalSection(SolutionProperties) = preSolution
		HideSolutionNode = FALSE
	EndGlobalSection
EndGlobal
